
Microsoft Visual Studio Solution File, Format Version 11.00
# Visual Studio 2010
Project("{FAE04EC0-301F-11D3-BF4B-00C04F79EFBC}") = "Assembly-CSharp", "Assembly-CSharp.csproj", "{6055B95D-258E-3558-CE31-91EA9B584401}"
EndProject
Project("{FAE04EC0-301F-11D3-BF4B-00C04F79EFBC}") = "Assembly-CSharp-Editor", "Assembly-CSharp-Editor.csproj", "{10B52F6A-291E-AC14-4626-16BFB6D2D7F6}"
EndProject
Global
	GlobalSection(SolutionConfigurationPlatforms) = preSolution
		Debug|Any CPU = Debug|Any CPU
		Release|Any CPU = Release|Any CPU
	EndGlobalSection
	GlobalSection(ProjectConfigurationPlatforms) = postSolution
		{6055B95D-258E-3558-CE31-91EA9B584401}.Debug|Any CPU.ActiveCfg = Debug|Any CPU
		{6055B95D-258E-3558-CE31-91EA9B584401}.Debug|Any CPU.Build.0 = Debug|Any CPU
		{6055B95D-258E-3558-CE31-91EA9B584401}.Release|Any CPU.ActiveCfg = Release|Any CPU
		{6055B95D-258E-3558-CE31-91EA9B584401}.Release|Any CPU.Build.0 = Release|Any CPU
		{10B52F6A-291E-AC14-4626-16BFB6D2D7F6}.Debug|Any CPU.ActiveCfg = Debug|Any CPU
		{10B52F6A-291E-AC14-4626-16BFB6D2D7F6}.Debug|Any CPU.Build.0 = Debug|Any CPU
		{10B52F6A-291E-AC14-4626-16BFB6D2D7F6}.Release|Any CPU.ActiveCfg = Release|Any CPU
		{10B52F6A-291E-AC14-4626-16BFB6D2D7F6}.Release|Any CPU.Build.0 = Release|Any CPU
	EndGlobalSection
	GlobalSection(SolutionProperties) = preSolution
		HideSolutionNode = FALSE
	EndGlobalSection
	GlobalSection(MonoDevelopProperties) = preSolution
		StartupItem = Assembly-CSharp.csproj
	EndGlobalSection
EndGlobal
